
Microsoft Visual Studio Solution File, Format Version 10.00
# Visual Studio 2008
Project("{B3672514-7503-4B01-B4B4-B44E87061EA2}") = "Boobel", "Boobel.booproj", "{F101FE3D-38E4-4AC6-8509-7A6F69524D06}"
EndProject
Global
	GlobalSection(SolutionConfigurationPlatforms) = preSolution
		Debug|Any CPU = Debug|Any CPU
		Release|Any CPU = Release|Any CPU
	EndGlobalSection
	GlobalSection(ProjectConfigurationPlatforms) = postSolution
		{F101FE3D-38E4-4AC6-8509-7A6F69524D06}.Debug|Any CPU.ActiveCfg = Debug|Any CPU
		{F101FE3D-38E4-4AC6-8509-7A6F69524D06}.Debug|Any CPU.Build.0 = Debug|Any CPU
		{F101FE3D-38E4-4AC6-8509-7A6F69524D06}.Release|Any CPU.ActiveCfg = Release|Any CPU
		{F101FE3D-38E4-4AC6-8509-7A6F69524D06}.Release|Any CPU.Build.0 = Release|Any CPU
	EndGlobalSection
	GlobalSection(MonoDevelopProperties) = preSolution
		StartupItem = Boobel.booproj
	EndGlobalSection
EndGlobal
